
Microsoft Visual Studio Solution File, Format Version 12.00
# Visual Studio Version 17
VisualStudioVersion = 17.6.33829.357
MinimumVisualStudioVersion = 10.0.40219.1
Project("{FAE04EC0-301F-11D3-BF4B-00C04F79EFBC}") = "ME.UI", "ME.UI\ME.UI.csproj", "{4934B526-FBE4-41DD-AF52-DDEF253198F7}"
EndProject
Global
	GlobalSection(SolutionConfigurationPlatforms) = preSolution
		Debug|Any CPU = Debug|Any CPU
		Release|Any CPU = Release|Any CPU
	EndGlobalSection
	GlobalSection(ProjectConfigurationPlatforms) = postSolution
		{4934B526-FBE4-41DD-AF52-DDEF253198F7}.Debug|Any CPU.ActiveCfg = Debug|Any CPU
		{4934B526-FBE4-41DD-AF52-DDEF253198F7}.Debug|Any CPU.Build.0 = Debug|Any CPU
		{4934B526-FBE4-41DD-AF52-DDEF253198F7}.Release|Any CPU.ActiveCfg = Release|Any CPU
		{4934B526-FBE4-41DD-AF52-DDEF253198F7}.Release|Any CPU.Build.0 = Release|Any CPU
	EndGlobalSection
	GlobalSection(SolutionProperties) = preSolution
		HideSolutionNode = FALSE
	EndGlobalSection
	GlobalSection(ExtensibilityGlobals) = postSolution
		SolutionGuid = {510B71CE-1733-47C9-B5EC-0AC1D0721C7C}
	EndGlobalSection
EndGlobal
